
Microsoft Visual Studio Solution File, Format Version 12.00
# Visual Studio Version 16
VisualStudioVersion = 25.0.1705.4
MinimumVisualStudioVersion = 10.0.40219.1
Project("{FAE04EC0-301F-11D3-BF4B-00C04F79EFBC}") = "CityInfo.API", "CityInfo.API\CityInfo.API.csproj", "{01DEF2FB-37C9-4AD5-8F93-AA2D69B68D57}"
EndProject
Global
	GlobalSection(SolutionConfigurationPlatforms) = preSolution
		Debug|Any CPU = Debug|Any CPU
		Release|Any CPU = Release|Any CPU
	EndGlobalSection
	GlobalSection(ProjectConfigurationPlatforms) = postSolution
		{01DEF2FB-37C9-4AD5-8F93-AA2D69B68D57}.Debug|Any CPU.ActiveCfg = Debug|Any CPU
		{01DEF2FB-37C9-4AD5-8F93-AA2D69B68D57}.Debug|Any CPU.Build.0 = Debug|Any CPU
		{01DEF2FB-37C9-4AD5-8F93-AA2D69B68D57}.Release|Any CPU.ActiveCfg = Release|Any CPU
		{01DEF2FB-37C9-4AD5-8F93-AA2D69B68D57}.Release|Any CPU.Build.0 = Release|Any CPU
	EndGlobalSection
	GlobalSection(SolutionProperties) = preSolution
		HideSolutionNode = FALSE
	EndGlobalSection
	GlobalSection(ExtensibilityGlobals) = postSolution
		SolutionGuid = {33B7823E-3435-454E-956A-BAF6F96AFE7C}
	EndGlobalSection
EndGlobal
